
Microsoft Visual Studio Solution File, Format Version 12.00
# Visual Studio Version 17
VisualStudioVersion = 17.12.35707.178
MinimumVisualStudioVersion = 10.0.40219.1
Project("{2150E333-8FDC-42A3-9474-1A3956D46DE8}") = "Drivers", "Drivers", "{F08E6F77-55F3-4AA2-A866-38C39553B1CB}"
EndProject
Project("{2150E333-8FDC-42A3-9474-1A3956D46DE8}") = "Adapter", "Adapter", "{FC41046A-BED9-48EC-A3F7-371429BF16EE}"
EndProject
Project("{2150E333-8FDC-42A3-9474-1A3956D46DE8}") = "Driven", "Driven", "{CACDBA24-2F35-4D28-897D-0207B3F450E1}"
EndProject
Project("{2150E333-8FDC-42A3-9474-1A3956D46DE8}") = "Crosscutting", "Crosscutting", "{46651D7C-D2DD-4C5E-94DD-B94574080331}"
EndProject
Project("{2150E333-8FDC-42A3-9474-1A3956D46DE8}") = "Core", "Core", "{F4488D86-D4DA-4535-B560-2D50A3BCFF4E}"
EndProject
Project("{2150E333-8FDC-42A3-9474-1A3956D46DE8}") = "Aplication", "Aplication", "{60B62281-2884-4E8B-BD7B-022642CDFF73}"
EndProject
Project("{2150E333-8FDC-42A3-9474-1A3956D46DE8}") = "Domain", "Domain", "{6755DFE1-6227-4BD9-9330-95D7B6212A49}"
EndProject
Project("{2150E333-8FDC-42A3-9474-1A3956D46DE8}") = "Tests", "Tests", "{3D312940-A6D4-4C54-AAEB-BC118DD9CE44}"
EndProject
Project("{2150E333-8FDC-42A3-9474-1A3956D46DE8}") = "Infrasctructure", "Infrasctructure", "{FE49E5EE-E534-44A6-9B1B-83C75ED7E1D0}"
EndProject
Project("{2150E333-8FDC-42A3-9474-1A3956D46DE8}") = "WebApi", "WebApi", "{9EC96197-887F-4983-BCF6-BF7C4A58C748}"
	ProjectSection(SolutionItems) = preProject
		Configurations.txt = Configurations.txt
	EndProjectSection
EndProject
Project("{FAE04EC0-301F-11D3-BF4B-00C04F79EFBC}") = "FlowaStudy.ORM", "src\FlowaStudy.ORM\FlowaStudy.ORM.csproj", "{6D61D8A2-5392-4DD9-AB90-170D79977E58}"
EndProject
Project("{FAE04EC0-301F-11D3-BF4B-00C04F79EFBC}") = "FlowaStudy.WebApi", "src\FlowaStudy.WebApi\FlowaStudy.WebApi.csproj", "{4C74A5CB-8FE7-4B57-B483-63C7581B2FC0}"
EndProject
Project("{FAE04EC0-301F-11D3-BF4B-00C04F79EFBC}") = "FlowaStudy.Domain", "src\FlowaStudy.Domain\FlowaStudy.Domain.csproj", "{483CCFD7-453D-40BE-BED6-AF7BB591A0EF}"
EndProject
Project("{FAE04EC0-301F-11D3-BF4B-00C04F79EFBC}") = "FlowaStudy.Application", "src\FlowaStudy.Application\FlowaStudy.Application.csproj", "{72AC5631-992A-4B97-A13E-6CAD7C2CB075}"
EndProject
Project("{FAE04EC0-301F-11D3-BF4B-00C04F79EFBC}") = "FlowaStudy.Common", "src\FlowaStudy.Common\FlowaStudy.Common.csproj", "{831A7387-3750-45DB-A1F6-9219BCE320B7}"
EndProject
Project("{E53339B2-1760-4266-BCC7-CA923CBCF16C}") = "docker-compose", "docker-compose.dcproj", "{F157B5A2-C56F-457A-A3F6-90699D3E1B23}"
EndProject
Project("{FAE04EC0-301F-11D3-BF4B-00C04F79EFBC}") = "FlowaStudy.IoC", "src\FlowaStudy.IoC\FlowaStudy.IoC.csproj", "{E518C10E-78BE-4E3A-BC46-41ECC3000BD6}"
EndProject
Project("{FAE04EC0-301F-11D3-BF4B-00C04F79EFBC}") = "FlowaStudy.Messaging", "src\FlowaStudy.Messaging\FlowaStudy.Messaging.csproj", "{058B7F65-1586-4F42-8D1E-4325D9B89E78}"
EndProject
Project("{FAE04EC0-301F-11D3-BF4B-00C04F79EFBC}") = "FlowaStudy.UnitTests", "src\FlowaStudy.UnitTests\FlowaStudy.UnitTests.csproj", "{61E4DE36-14B3-47B0-92B8-531DDE8B3AD7}"
EndProject
Project("{FAE04EC0-301F-11D3-BF4B-00C04F79EFBC}") = "FlowaStudy.IntegrationTests", "src\FlowaStudy.IntegrationTests\FlowaStudy.IntegrationTests.csproj", "{1BF6317E-D45F-42D9-9A38-6E70B4FBF481}"
EndProject
Project("{FAE04EC0-301F-11D3-BF4B-00C04F79EFBC}") = "FlowaStudy.E2ETests", "src\FlowaStudy.E2ETests\FlowaStudy.E2ETests.csproj", "{CAB11A01-ACEE-4630-899C-6BB6CAA2BAF0}"
EndProject
Project("{FAE04EC0-301F-11D3-BF4B-00C04F79EFBC}") = "FlowaStudy.ContractTests", "src\FlowaStudy.ContractTests\FlowaStudy.ContractTests.csproj", "{0C396DC9-95A0-4974-B7D3-AEA701B16C50}"
EndProject
Global
	GlobalSection(SolutionConfigurationPlatforms) = preSolution
		Debug|Any CPU = Debug|Any CPU
		Release|Any CPU = Release|Any CPU
	EndGlobalSection
	GlobalSection(ProjectConfigurationPlatforms) = postSolution
		{6D61D8A2-5392-4DD9-AB90-170D79977E58}.Debug|Any CPU.ActiveCfg = Debug|Any CPU
		{6D61D8A2-5392-4DD9-AB90-170D79977E58}.Debug|Any CPU.Build.0 = Debug|Any CPU
		{6D61D8A2-5392-4DD9-AB90-170D79977E58}.Release|Any CPU.ActiveCfg = Release|Any CPU
		{6D61D8A2-5392-4DD9-AB90-170D79977E58}.Release|Any CPU.Build.0 = Release|Any CPU
		{4C74A5CB-8FE7-4B57-B483-63C7581B2FC0}.Debug|Any CPU.ActiveCfg = Debug|Any CPU
		{4C74A5CB-8FE7-4B57-B483-63C7581B2FC0}.Debug|Any CPU.Build.0 = Debug|Any CPU
		{4C74A5CB-8FE7-4B57-B483-63C7581B2FC0}.Release|Any CPU.ActiveCfg = Release|Any CPU
		{4C74A5CB-8FE7-4B57-B483-63C7581B2FC0}.Release|Any CPU.Build.0 = Release|Any CPU
		{483CCFD7-453D-40BE-BED6-AF7BB591A0EF}.Debug|Any CPU.ActiveCfg = Debug|Any CPU
		{483CCFD7-453D-40BE-BED6-AF7BB591A0EF}.Debug|Any CPU.Build.0 = Debug|Any CPU
		{483CCFD7-453D-40BE-BED6-AF7BB591A0EF}.Release|Any CPU.ActiveCfg = Release|Any CPU
		{483CCFD7-453D-40BE-BED6-AF7BB591A0EF}.Release|Any CPU.Build.0 = Release|Any CPU
		{72AC5631-992A-4B97-A13E-6CAD7C2CB075}.Debug|Any CPU.ActiveCfg = Debug|Any CPU
		{72AC5631-992A-4B97-A13E-6CAD7C2CB075}.Debug|Any CPU.Build.0 = Debug|Any CPU
		{72AC5631-992A-4B97-A13E-6CAD7C2CB075}.Release|Any CPU.ActiveCfg = Release|Any CPU
		{72AC5631-992A-4B97-A13E-6CAD7C2CB075}.Release|Any CPU.Build.0 = Release|Any CPU
		{831A7387-3750-45DB-A1F6-9219BCE320B7}.Debug|Any CPU.ActiveCfg = Debug|Any CPU
		{831A7387-3750-45DB-A1F6-9219BCE320B7}.Debug|Any CPU.Build.0 = Debug|Any CPU
		{831A7387-3750-45DB-A1F6-9219BCE320B7}.Release|Any CPU.ActiveCfg = Release|Any CPU
		{831A7387-3750-45DB-A1F6-9219BCE320B7}.Release|Any CPU.Build.0 = Release|Any CPU
		{F157B5A2-C56F-457A-A3F6-90699D3E1B23}.Debug|Any CPU.ActiveCfg = Debug|Any CPU
		{F157B5A2-C56F-457A-A3F6-90699D3E1B23}.Debug|Any CPU.Build.0 = Debug|Any CPU
		{F157B5A2-C56F-457A-A3F6-90699D3E1B23}.Release|Any CPU.ActiveCfg = Release|Any CPU
		{F157B5A2-C56F-457A-A3F6-90699D3E1B23}.Release|Any CPU.Build.0 = Release|Any CPU
		{E518C10E-78BE-4E3A-BC46-41ECC3000BD6}.Debug|Any CPU.ActiveCfg = Debug|Any CPU
		{E518C10E-78BE-4E3A-BC46-41ECC3000BD6}.Debug|Any CPU.Build.0 = Debug|Any CPU
		{E518C10E-78BE-4E3A-BC46-41ECC3000BD6}.Release|Any CPU.ActiveCfg = Release|Any CPU
		{E518C10E-78BE-4E3A-BC46-41ECC3000BD6}.Release|Any CPU.Build.0 = Release|Any CPU
		{058B7F65-1586-4F42-8D1E-4325D9B89E78}.Debug|Any CPU.ActiveCfg = Debug|Any CPU
		{058B7F65-1586-4F42-8D1E-4325D9B89E78}.Debug|Any CPU.Build.0 = Debug|Any CPU
		{058B7F65-1586-4F42-8D1E-4325D9B89E78}.Release|Any CPU.ActiveCfg = Release|Any CPU
		{058B7F65-1586-4F42-8D1E-4325D9B89E78}.Release|Any CPU.Build.0 = Release|Any CPU
		{61E4DE36-14B3-47B0-92B8-531DDE8B3AD7}.Debug|Any CPU.ActiveCfg = Debug|Any CPU
		{61E4DE36-14B3-47B0-92B8-531DDE8B3AD7}.Debug|Any CPU.Build.0 = Debug|Any CPU
		{61E4DE36-14B3-47B0-92B8-531DDE8B3AD7}.Release|Any CPU.ActiveCfg = Release|Any CPU
		{61E4DE36-14B3-47B0-92B8-531DDE8B3AD7}.Release|Any CPU.Build.0 = Release|Any CPU
		{1BF6317E-D45F-42D9-9A38-6E70B4FBF481}.Debug|Any CPU.ActiveCfg = Debug|Any CPU
		{1BF6317E-D45F-42D9-9A38-6E70B4FBF481}.Debug|Any CPU.Build.0 = Debug|Any CPU
		{1BF6317E-D45F-42D9-9A38-6E70B4FBF481}.Release|Any CPU.ActiveCfg = Release|Any CPU
		{1BF6317E-D45F-42D9-9A38-6E70B4FBF481}.Release|Any CPU.Build.0 = Release|Any CPU
		{CAB11A01-ACEE-4630-899C-6BB6CAA2BAF0}.Debug|Any CPU.ActiveCfg = Debug|Any CPU
		{CAB11A01-ACEE-4630-899C-6BB6CAA2BAF0}.Debug|Any CPU.Build.0 = Debug|Any CPU
		{CAB11A01-ACEE-4630-899C-6BB6CAA2BAF0}.Release|Any CPU.ActiveCfg = Release|Any CPU
		{CAB11A01-ACEE-4630-899C-6BB6CAA2BAF0}.Release|Any CPU.Build.0 = Release|Any CPU
		{0C396DC9-95A0-4974-B7D3-AEA701B16C50}.Debug|Any CPU.ActiveCfg = Debug|Any CPU
		{0C396DC9-95A0-4974-B7D3-AEA701B16C50}.Debug|Any CPU.Build.0 = Debug|Any CPU
		{0C396DC9-95A0-4974-B7D3-AEA701B16C50}.Release|Any CPU.ActiveCfg = Release|Any CPU
		{0C396DC9-95A0-4974-B7D3-AEA701B16C50}.Release|Any CPU.Build.0 = Release|Any CPU
	EndGlobalSection
	GlobalSection(SolutionProperties) = preSolution
		HideSolutionNode = FALSE
	EndGlobalSection
	GlobalSection(NestedProjects) = preSolution
		{F08E6F77-55F3-4AA2-A866-38C39553B1CB} = {FC41046A-BED9-48EC-A3F7-371429BF16EE}
		{CACDBA24-2F35-4D28-897D-0207B3F450E1} = {FC41046A-BED9-48EC-A3F7-371429BF16EE}
		{60B62281-2884-4E8B-BD7B-022642CDFF73} = {F4488D86-D4DA-4535-B560-2D50A3BCFF4E}
		{6755DFE1-6227-4BD9-9330-95D7B6212A49} = {F4488D86-D4DA-4535-B560-2D50A3BCFF4E}
		{FE49E5EE-E534-44A6-9B1B-83C75ED7E1D0} = {CACDBA24-2F35-4D28-897D-0207B3F450E1}
		{9EC96197-887F-4983-BCF6-BF7C4A58C748} = {F08E6F77-55F3-4AA2-A866-38C39553B1CB}
		{6D61D8A2-5392-4DD9-AB90-170D79977E58} = {FE49E5EE-E534-44A6-9B1B-83C75ED7E1D0}
		{4C74A5CB-8FE7-4B57-B483-63C7581B2FC0} = {9EC96197-887F-4983-BCF6-BF7C4A58C748}
		{483CCFD7-453D-40BE-BED6-AF7BB591A0EF} = {6755DFE1-6227-4BD9-9330-95D7B6212A49}
		{72AC5631-992A-4B97-A13E-6CAD7C2CB075} = {60B62281-2884-4E8B-BD7B-022642CDFF73}
		{831A7387-3750-45DB-A1F6-9219BCE320B7} = {46651D7C-D2DD-4C5E-94DD-B94574080331}
		{E518C10E-78BE-4E3A-BC46-41ECC3000BD6} = {46651D7C-D2DD-4C5E-94DD-B94574080331}
		{058B7F65-1586-4F42-8D1E-4325D9B89E78} = {FE49E5EE-E534-44A6-9B1B-83C75ED7E1D0}
		{61E4DE36-14B3-47B0-92B8-531DDE8B3AD7} = {3D312940-A6D4-4C54-AAEB-BC118DD9CE44}
		{1BF6317E-D45F-42D9-9A38-6E70B4FBF481} = {3D312940-A6D4-4C54-AAEB-BC118DD9CE44}
		{CAB11A01-ACEE-4630-899C-6BB6CAA2BAF0} = {3D312940-A6D4-4C54-AAEB-BC118DD9CE44}
		{0C396DC9-95A0-4974-B7D3-AEA701B16C50} = {3D312940-A6D4-4C54-AAEB-BC118DD9CE44}
	EndGlobalSection
EndGlobal
